// !$*UTF8*$!
{
	archiveVersion = 1;
	classes = {
	};
	objectVersion = 46;
	objects = {

/* Begin PBXBuildFile section */
		F7BAED711F5B0A7E00510E87 /* PlaySoundsViewController.swift in Sources */ = {isa = PBXBuildFile; fileRef = F7BAED701F5B0A7E00510E87 /* PlaySoundsViewController.swift */; };
		F7BAED721F5B140000510E87 /* RecordSoundsViewController.swift in Sources */ = {isa = PBXBuildFile; fileRef = F7C133091F5A7CC2001C3C55 /* RecordSoundsViewController.swift */; };
		F7BAED741F5B4F8900510E87 /* PlaySoundsViewController+Audio.swift in Sources */ = {isa = PBXBuildFile; fileRef = F7BAED731F5B4F8900510E87 /* PlaySoundsViewController+Audio.swift */; };
		F7C133081F5A7CC2001C3C55 /* AppDelegate.swift in Sources */ = {isa = PBXBuildFile; fileRef = F7C133071F5A7CC2001C3C55 /* AppDelegate.swift */; };
		F7C1330A1F5A7CC2001C3C55 /* RecordSoundsViewController.swift in Sources */ = {isa = PBXBuildFile; fileRef = F7C133091F5A7CC2001C3C55 /* RecordSoundsViewController.swift */; };
		F7C1330D1F5A7CC3001C3C55 /* Main.storyboard in Resources */ = {isa = PBXBuildFile; fileRef = F7C1330B1F5A7CC3001C3C55 /* Main.storyboard */; };
		F7C1330F1F5A7CC3001C3C55 /* Assets.xcassets in Resources */ = {isa = PBXBuildFile; fileRef = F7C1330E1F5A7CC3001C3C55 /* Assets.xcassets */; };
		F7C133121F5A7CC3001C3C55 /* LaunchScreen.storyboard in Resources */ = {isa = PBXBuildFile; fileRef = F7C133101F5A7CC3001C3C55 /* LaunchScreen.storyboard */; };
		F7C1331D1F5A7CC3001C3C55 /* VoiceChangerTests.swift in Sources */ = {isa = PBXBuildFile; fileRef = F7C1331C1F5A7CC3001C3C55 /* VoiceChangerTests.swift */; };
		F7C133281F5A7CC3001C3C55 /* VoiceChangerUITests.swift in Sources */ = {isa = PBXBuildFile; fileRef = F7C133271F5A7CC3001C3C55 /* VoiceChangerUITests.swift */; };
/* End PBXBuildFile section */

/* Begin PBXContainerItemProxy section */
		F7C133191F5A7CC3001C3C55 /* PBXContainerItemProxy */ = {
			isa = PBXContainerItemProxy;
			containerPortal = F7C132FC1F5A7CC2001C3C55 /* Project object */;
			proxyType = 1;
			remoteGlobalIDString = F7C133031F5A7CC2001C3C55;
			remoteInfo = VoiceChanger;
		};
		F7C133241F5A7CC3001C3C55 /* PBXContainerItemProxy */ = {
			isa = PBXContainerItemProxy;
			containerPortal = F7C132FC1F5A7CC2001C3C55 /* Project object */;
			proxyType = 1;
			remoteGlobalIDString = F7C133031F5A7CC2001C3C55;
			remoteInfo = VoiceChanger;
		};
/* End PBXContainerItemProxy section */

/* Begin PBXFileReference section */
		F7BAED701F5B0A7E00510E87 /* PlaySoundsViewController.swift */ = {isa = PBXFileReference; fileEncoding = 4; lastKnownFileType = sourcecode.swift; path = PlaySoundsViewController.swift; sourceTree = "<group>"; };
		F7BAED731F5B4F8900510E87 /* PlaySoundsViewController+Audio.swift */ = {isa = PBXFileReference; fileEncoding = 4; lastKnownFileType = sourcecode.swift; path = "PlaySoundsViewController+Audio.swift"; sourceTree = "<group>"; };
		F7C133041F5A7CC2001C3C55 /* VoiceChanger.app */ = {isa = PBXFileReference; explicitFileType = wrapper.application; includeInIndex = 0; path = VoiceChanger.app; sourceTree = BUILT_PRODUCTS_DIR; };
		F7C133071F5A7CC2001C3C55 /* AppDelegate.swift */ = {isa = PBXFileReference; lastKnownFileType = sourcecode.swift; path = AppDelegate.swift; sourceTree = "<group>"; };
		F7C133091F5A7CC2001C3C55 /* RecordSoundsViewController.swift */ = {isa = PBXFileReference; lastKnownFileType = sourcecode.swift; path = RecordSoundsViewController.swift; sourceTree = "<group>"; };
		F7C1330C1F5A7CC3001C3C55 /* Base */ = {isa = PBXFileReference; lastKnownFileType = file.storyboard; name = Base; path = Base.lproj/Main.storyboard; sourceTree = "<group>"; };
		F7C1330E1F5A7CC3001C3C55 /* Assets.xcassets */ = {isa = PBXFileReference; lastKnownFileType = folder.assetcatalog; path = Assets.xcassets; sourceTree = "<group>"; };
		F7C133111F5A7CC3001C3C55 /* Base */ = {isa = PBXFileReference; lastKnownFileType = file.storyboard; name = Base; path = Base.lproj/LaunchScreen.storyboard; sourceTree = "<group>"; };
		F7C133131F5A7CC3001C3C55 /* Info.plist */ = {isa = PBXFileReference; lastKnownFileType = text.plist.xml; path = Info.plist; sourceTree = "<group>"; };
		F7C133181F5A7CC3001C3C55 /* VoiceChangerTests.xctest */ = {isa = PBXFileReference; explicitFileType = wrapper.cfbundle; includeInIndex = 0; path = VoiceChangerTests.xctest; sourceTree = BUILT_PRODUCTS_DIR; };
		F7C1331C1F5A7CC3001C3C55 /* VoiceChangerTests.swift */ = {isa = PBXFileReference; lastKnownFileType = sourcecode.swift; path = VoiceChangerTests.swift; sourceTree = "<group>"; };
		F7C1331E1F5A7CC3001C3C55 /* Info.plist */ = {isa = PBXFileReference; lastKnownFileType = text.plist.xml; path = Info.plist; sourceTree = "<group>"; };
		F7C133231F5A7CC3001C3C55 /* VoiceChangerUITests.xctest */ = {isa = PBXFileReference; explicitFileType = wrapper.cfbundle; includeInIndex = 0; path = VoiceChangerUITests.xctest; sourceTree = BUILT_PRODUCTS_DIR; };
		F7C133271F5A7CC3001C3C55 /* VoiceChangerUITests.swift */ = {isa = PBXFileReference; lastKnownFileType = sourcecode.swift; path = VoiceChangerUITests.swift; sourceTree = "<group>"; };
		F7C133291F5A7CC3001C3C55 /* Info.plist */ = {isa = PBXFileReference; lastKnownFileType = text.plist.xml; path = Info.plist; sourceTree = "<group>"; };
/* End PBXFileReference section */

/* Begin PBXFrameworksBuildPhase section */
		F7C133011F5A7CC2001C3C55 /* Frameworks */ = {
			isa = PBXFrameworksBuildPhase;
			buildActionMask = 2147483647;
			files = (
			);
			runOnlyForDeploymentPostprocessing = 0;
		};
		F7C133151F5A7CC3001C3C55 /* Frameworks */ = {
			isa = PBXFrameworksBuildPhase;
			buildActionMask = 2147483647;
			files = (
			);
			runOnlyForDeploymentPostprocessing = 0;
		};
		F7C133201F5A7CC3001C3C55 /* Frameworks */ = {
			isa = PBXFrameworksBuildPhase;
			buildActionMask = 2147483647;
			files = (
			);
			runOnlyForDeploymentPostprocessing = 0;
		};
/* End PBXFrameworksBuildPhase section */

/* Begin PBXGroup section */
		F7C132FB1F5A7CC2001C3C55 = {
			isa = PBXGroup;
			children = (
				F7C133061F5A7CC2001C3C55 /* VoiceChanger */,
				F7C1331B1F5A7CC3001C3C55 /* VoiceChangerTests */,
				F7C133261F5A7CC3001C3C55 /* VoiceChangerUITests */,
				F7C133051F5A7CC2001C3C55 /* Products */,
			);
			sourceTree = "<group>";
		};
		F7C133051F5A7CC2001C3C55 /* Products */ = {
			isa = PBXGroup;
			children = (
				F7C133041F5A7CC2001C3C55 /* VoiceChanger.app */,
				F7C133181F5A7CC3001C3C55 /* VoiceChangerTests.xctest */,
				F7C133231F5A7CC3001C3C55 /* VoiceChangerUITests.xctest */,
			);
			name = Products;
			sourceTree = "<group>";
		};
		F7C133061F5A7CC2001C3C55 /* VoiceChanger */ = {
			isa = PBXGroup;
			children = (
				F7C133071F5A7CC2001C3C55 /* AppDelegate.swift */,
				F7C133091F5A7CC2001C3C55 /* RecordSoundsViewController.swift */,
				F7C1330B1F5A7CC3001C3C55 /* Main.storyboard */,
				F7C1330E1F5A7CC3001C3C55 /* Assets.xcassets */,
				F7C133101F5A7CC3001C3C55 /* LaunchScreen.storyboard */,
				F7C133131F5A7CC3001C3C55 /* Info.plist */,
				F7BAED701F5B0A7E00510E87 /* PlaySoundsViewController.swift */,
				F7BAED731F5B4F8900510E87 /* PlaySoundsViewController+Audio.swift */,
			);
			path = VoiceChanger;
			sourceTree = "<group>";
		};
		F7C1331B1F5A7CC3001C3C55 /* VoiceChangerTests */ = {
			isa = PBXGroup;
			children = (
				F7C1331C1F5A7CC3001C3C55 /* VoiceChangerTests.swift */,
				F7C1331E1F5A7CC3001C3C55 /* Info.plist */,
			);
			path = VoiceChangerTests;
			sourceTree = "<group>";
		};
		F7C133261F5A7CC3001C3C55 /* VoiceChangerUITests */ = {
			isa = PBXGroup;
			children = (
				F7C133271F5A7CC3001C3C55 /* VoiceChangerUITests.swift */,
				F7C133291F5A7CC3001C3C55 /* Info.plist */,
			);
			path = VoiceChangerUITests;
			sourceTree = "<group>";
		};
/* End PBXGroup section */

/* Begin PBXNativeTarget section */
		F7C133031F5A7CC2001C3C55 /* VoiceChanger */ = {
			isa = PBXNativeTarget;
			buildConfigurationList = F7C1332C1F5A7CC3001C3C55 /* Build configuration list for PBXNativeTarget "VoiceChanger" */;
			buildPhases = (
				F7C133001F5A7CC2001C3C55 /* Sources */,
				F7C133011F5A7CC2001C3C55 /* Frameworks */,
				F7C133021F5A7CC2001C3C55 /* Resources */,
			);
			buildRules = (
			);
			dependencies = (
			);
			name = VoiceChanger;
			productName = VoiceChanger;
			productReference = F7C133041F5A7CC2001C3C55 /* VoiceChanger.app */;
			productType = "com.apple.product-type.application";
		};
		F7C133171F5A7CC3001C3C55 /* VoiceChangerTests */ = {
			isa = PBXNativeTarget;
			buildConfigurationList = F7C1332F1F5A7CC3001C3C55 /* Build configuration list for PBXNativeTarget "VoiceChangerTests" */;
			buildPhases = (
				F7C133141F5A7CC3001C3C55 /* Sources */,
				F7C133151F5A7CC3001C3C55 /* Frameworks */,
				F7C133161F5A7CC3001C3C55 /* Resources */,
			);
			buildRules = (
			);
			dependencies = (
				F7C1331A1F5A7CC3001C3C55 /* PBXTargetDependency */,
			);
			name = VoiceChangerTests;
			productName = VoiceChangerTests;
			productReference = F7C133181F5A7CC3001C3C55 /* VoiceChangerTests.xctest */;
			productType = "com.apple.product-type.bundle.unit-test";
		};
		F7C133221F5A7CC3001C3C55 /* VoiceChangerUITests */ = {
			isa = PBXNativeTarget;
			buildConfigurationList = F7C133321F5A7CC3001C3C55 /* Build configuration list for PBXNativeTarget "VoiceChangerUITests" */;
			buildPhases = (
				F7C1331F1F5A7CC3001C3C55 /* Sources */,
				F7C133201F5A7CC3001C3C55 /* Frameworks */,
				F7C133211F5A7CC3001C3C55 /* Resources */,
			);
			buildRules = (
			);
			dependencies = (
				F7C133251F5A7CC3001C3C55 /* PBXTargetDependency */,
			);
			name = VoiceChangerUITests;
			productName = VoiceChangerUITests;
			productReference = F7C133231F5A7CC3001C3C55 /* VoiceChangerUITests.xctest */;
			productType = "com.apple.product-type.bundle.ui-testing";
		};
/* End PBXNativeTarget section */

/* Begin PBXProject section */
		F7C132FC1F5A7CC2001C3C55 /* Project object */ = {
			isa = PBXProject;
			attributes = {
				LastSwiftUpdateCheck = 0830;
				LastUpgradeCheck = 0830;
				ORGANIZATIONNAME = "Ahmed El-Kollaly";
				TargetAttributes = {
					F7C133031F5A7CC2001C3C55 = {
						CreatedOnToolsVersion = 8.3.3;
						DevelopmentTeam = 54GVH89862;
						ProvisioningStyle = Automatic;
					};
					F7C133171F5A7CC3001C3C55 = {
						CreatedOnToolsVersion = 8.3.3;
						DevelopmentTeam = 54GVH89862;
						ProvisioningStyle = Automatic;
						TestTargetID = F7C133031F5A7CC2001C3C55;
					};
					F7C133221F5A7CC3001C3C55 = {
						CreatedOnToolsVersion = 8.3.3;
						DevelopmentTeam = 54GVH89862;
						ProvisioningStyle = Automatic;
						TestTargetID = F7C133031F5A7CC2001C3C55;
					};
				};
			};
			buildConfigurationList = F7C132FF1F5A7CC2001C3C55 /* Build configuration list for PBXProject "VoiceChanger" */;
			compatibilityVersion = "Xcode 3.2";
			developmentRegion = English;
			hasScannedForEncodings = 0;
			knownRegions = (
				en,
				Base,
			);
			mainGroup = F7C132FB1F5A7CC2001C3C55;
			productRefGroup = F7C133051F5A7CC2001C3C55 /* Products */;
			projectDirPath = "";
			projectRoot = "";
			targets = (
				F7C133031F5A7CC2001C3C55 /* VoiceChanger */,
				F7C133171F5A7CC3001C3C55 /* VoiceChangerTests */,
				F7C133221F5A7CC3001C3C55 /* VoiceChangerUITests */,
			);
		};
/* End PBXProject section */

/* Begin PBXResourcesBuildPhase section */
		F7C133021F5A7CC2001C3C55 /* Resources */ = {
			isa = PBXResourcesBuildPhase;
			buildActionMask = 2147483647;
			files = (
				F7C133121F5A7CC3001C3C55 /* LaunchScreen.storyboard in Resources */,
				F7C1330F1F5A7CC3001C3C55 /* Assets.xcassets in Resources */,
				F7C1330D1F5A7CC3001C3C55 /* Main.storyboard in Resources */,
			);
			runOnlyForDeploymentPostprocessing = 0;
		};
		F7C133161F5A7CC3001C3C55 /* Resources */ = {
			isa = PBXResourcesBuildPhase;
			buildActionMask = 2147483647;
			files = (
			);
			runOnlyForDeploymentPostprocessing = 0;
		};
		F7C133211F5A7CC3001C3C55 /* Resources */ = {
			isa = PBXResourcesBuildPhase;
			buildActionMask = 2147483647;
			files = (
			);
			runOnlyForDeploymentPostprocessing = 0;
		};
/* End PBXResourcesBuildPhase section */

/* Begin PBXSourcesBuildPhase section */
		F7C133001F5A7CC2001C3C55 /* Sources */ = {
			isa = PBXSourcesBuildPhase;
			buildActionMask = 2147483647;
			files = (
				F7C1330A1F5A7CC2001C3C55 /* RecordSoundsViewController.swift in Sources */,
				F7BAED741F5B4F8900510E87 /* PlaySoundsViewController+Audio.swift in Sources */,
				F7BAED711F5B0A7E00510E87 /* PlaySoundsViewController.swift in Sources */,
				F7C133081F5A7CC2001C3C55 /* AppDelegate.swift in Sources */,
			);
			runOnlyForDeploymentPostprocessing = 0;
		};
		F7C133141F5A7CC3001C3C55 /* Sources */ = {
			isa = PBXSourcesBuildPhase;
			buildActionMask = 2147483647;
			files = (
				F7BAED721F5B140000510E87 /* RecordSoundsViewController.swift in Sources */,
				F7C1331D1F5A7CC3001C3C55 /* VoiceChangerTests.swift in Sources */,
			);
			runOnlyForDeploymentPostprocessing = 0;
		};
		F7C1331F1F5A7CC3001C3C55 /* Sources */ = {
			isa = PBXSourcesBuildPhase;
			buildActionMask = 2147483647;
			files = (
				F7C133281F5A7CC3001C3C55 /* VoiceChangerUITests.swift in Sources */,
			);
			runOnlyForDeploymentPostprocessing = 0;
		};
/* End PBXSourcesBuildPhase section */

/* Begin PBXTargetDependency section */
		F7C1331A1F5A7CC3001C3C55 /* PBXTargetDependency */ = {
			isa = PBXTargetDependency;
			target = F7C133031F5A7CC2001C3C55 /* VoiceChanger */;
			targetProxy = F7C133191F5A7CC3001C3C55 /* PBXContainerItemProxy */;
		};
		F7C133251F5A7CC3001C3C55 /* PBXTargetDependency */ = {
			isa = PBXTargetDependency;
			target = F7C133031F5A7CC2001C3C55 /* VoiceChanger */;
			targetProxy = F7C133241F5A7CC3001C3C55 /* PBXContainerItemProxy */;
		};
/* End PBXTargetDependency section */

/* Begin PBXVariantGroup section */
		F7C1330B1F5A7CC3001C3C55 /* Main.storyboard */ = {
			isa = PBXVariantGroup;
			children = (
				F7C1330C1F5A7CC3001C3C55 /* Base */,
			);
			name = Main.storyboard;
			sourceTree = "<group>";
		};
		F7C133101F5A7CC3001C3C55 /* LaunchScreen.storyboard */ = {
			isa = PBXVariantGroup;
			children = (
				F7C133111F5A7CC3001C3C55 /* Base */,
			);
			name = LaunchScreen.storyboard;
			sourceTree = "<group>";
		};
/* End PBXVariantGroup section */

/* Begin XCBuildConfiguration section */
		F7C1332A1F5A7CC3001C3C55 /* Debug */ = {
			isa = XCBuildConfiguration;
			buildSettings = {
				ALWAYS_SEARCH_USER_PATHS = NO;
				CLANG_ANALYZER_NONNULL = YES;
				CLANG_ANALYZER_NUMBER_OBJECT_CONVERSION = YES_AGGRESSIVE;
				CLANG_CXX_LANGUAGE_STANDARD = "gnu++0x";
				CLANG_CXX_LIBRARY = "libc++";
				CLANG_ENABLE_MODULES = YES;
				CLANG_ENABLE_OBJC_ARC = YES;
				CLANG_WARN_BOOL_CONVERSION = YES;
				CLANG_WARN_CONSTANT_CONVERSION = YES;
				CLANG_WARN_DIRECT_OBJC_ISA_USAGE = YES_ERROR;
				CLANG_WARN_DOCUMENTATION_COMMENTS = YES;
				CLANG_WARN_EMPTY_BODY = YES;
				CLANG_WARN_ENUM_CONVERSION = YES;
				CLANG_WARN_INFINITE_RECURSION = YES;
				CLANG_WARN_INT_CONVERSION = YES;
				CLANG_WARN_OBJC_ROOT_CLASS = YES_ERROR;
				CLANG_WARN_SUSPICIOUS_MOVE = YES;
				CLANG_WARN_UNREACHABLE_CODE = YES;
				CLANG_WARN__DUPLICATE_METHOD_MATCH = YES;
				"CODE_SIGN_IDENTITY[sdk=iphoneos*]" = "iPhone Developer";
				COPY_PHASE_STRIP = NO;
				DEBUG_INFORMATION_FORMAT = dwarf;
				ENABLE_STRICT_OBJC_MSGSEND = YES;
				ENABLE_TESTABILITY = YES;
				GCC_C_LANGUAGE_STANDARD = gnu99;
				GCC_DYNAMIC_NO_PIC = NO;
				GCC_NO_COMMON_BLOCKS = YES;
				GCC_OPTIMIZATION_LEVEL = 0;
				GCC_PREPROCESSOR_DEFINITIONS = (
					"DEBUG=1",
					"$(inherited)",
				);
				GCC_WARN_64_TO_32_BIT_CONVERSION = YES;
				GCC_WARN_ABOUT_RETURN_TYPE = YES_ERROR;
				GCC_WARN_UNDECLARED_SELECTOR = YES;
				GCC_WARN_UNINITIALIZED_AUTOS = YES_AGGRESSIVE;
				GCC_WARN_UNUSED_FUNCTION = YES;
				GCC_WARN_UNUSED_VARIABLE = YES;
				IPHONEOS_DEPLOYMENT_TARGET = 10.3;
				MTL_ENABLE_DEBUG_INFO = YES;
				ONLY_ACTIVE_ARCH = YES;
				SDKROOT = iphoneos;
				SWIFT_ACTIVE_COMPILATION_CONDITIONS = DEBUG;
				SWIFT_OPTIMIZATION_LEVEL = "-Onone";
				TARGETED_DEVICE_FAMILY = "1,2";
			};
			name = Debug;
		};
		F7C1332B1F5A7CC3001C3C55 /* Release */ = {
			isa = XCBuildConfiguration;
			buildSettings = {
				ALWAYS_SEARCH_USER_PATHS = NO;
				CLANG_ANALYZER_NONNULL = YES;
				CLANG_ANALYZER_NUMBER_OBJECT_CONVERSION = YES_AGGRESSIVE;
				CLANG_CXX_LANGUAGE_STANDARD = "gnu++0x";
				CLANG_CXX_LIBRARY = "libc++";
				CLANG_ENABLE_MODULES = YES;
				CLANG_ENABLE_OBJC_ARC = YES;
				CLANG_WARN_BOOL_CONVERSION = YES;
				CLANG_WARN_CONSTANT_CONVERSION = YES;
				CLANG_WARN_DIRECT_OBJC_ISA_USAGE = YES_ERROR;
				CLANG_WARN_DOCUMENTATION_COMMENTS = YES;
				CLANG_WARN_EMPTY_BODY = YES;
				CLANG_WARN_ENUM_CONVERSION = YES;
				CLANG_WARN_INFINITE_RECURSION = YES;
				CLANG_WARN_INT_CONVERSION = YES;
				CLANG_WARN_OBJC_ROOT_CLASS = YES_ERROR;
				CLANG_WARN_SUSPICIOUS_MOVE = YES;
				CLANG_WARN_UNREACHABLE_CODE = YES;
				CLANG_WARN__DUPLICATE_METHOD_MATCH = YES;
				"CODE_SIGN_IDENTITY[sdk=iphoneos*]" = "iPhone Developer";
				COPY_PHASE_STRIP = NO;
				DEBUG_INFORMATION_FORMAT = "dwarf-with-dsym";
				ENABLE_NS_ASSERTIONS = NO;
				ENABLE_STRICT_OBJC_MSGSEND = YES;
				GCC_C_LANGUAGE_STANDARD = gnu99;
				GCC_NO_COMMON_BLOCKS = YES;
				GCC_WARN_64_TO_32_BIT_CONVERSION = YES;
				GCC_WARN_ABOUT_RETURN_TYPE = YES_ERROR;
				GCC_WARN_UNDECLARED_SELECTOR = YES;
				GCC_WARN_UNINITIALIZED_AUTOS = YES_AGGRESSIVE;
				GCC_WARN_UNUSED_FUNCTION = YES;
				GCC_WARN_UNUSED_VARIABLE = YES;
				IPHONEOS_DEPLOYMENT_TARGET = 10.3;
				MTL_ENABLE_DEBUG_INFO = NO;
				SDKROOT = iphoneos;
				SWIFT_OPTIMIZATION_LEVEL = "-Owholemodule";
				TARGETED_DEVICE_FAMILY = "1,2";
				VALIDATE_PRODUCT = YES;
			};
			name = Release;
		};
		F7C1332D1F5A7CC3001C3C55 /* Debug */ = {
			isa = XCBuildConfiguration;
			buildSettings = {
				ASSETCATALOG_COMPILER_APPICON_NAME = AppIcon;
				DEVELOPMENT_TEAM = 54GVH89862;
				INFOPLIST_FILE = VoiceChanger/Info.plist;
				LD_RUNPATH_SEARCH_PATHS = "$(inherited) @executable_path/Frameworks";
				PRODUCT_BUNDLE_IDENTIFIER = elkollaly.VoiceChanger;
				PRODUCT_NAME = "$(TARGET_NAME)";
				SWIFT_VERSION = 3.0;
			};
			name = Debug;
		};
		F7C1332E1F5A7CC3001C3C55 /* Release */ = {
			isa = XCBuildConfiguration;
			buildSettings = {
				ASSETCATALOG_COMPILER_APPICON_NAME = AppIcon;
				DEVELOPMENT_TEAM = 54GVH89862;
				INFOPLIST_FILE = VoiceChanger/Info.plist;
				LD_RUNPATH_SEARCH_PATHS = "$(inherited) @executable_path/Frameworks";
				PRODUCT_BUNDLE_IDENTIFIER = elkollaly.VoiceChanger;
				PRODUCT_NAME = "$(TARGET_NAME)";
				SWIFT_VERSION = 3.0;
			};
			name = Release;
		};
		F7C133301F5A7CC3001C3C55 /* Debug */ = {
			isa = XCBuildConfiguration;
			buildSettings = {
				ALWAYS_EMBED_SWIFT_STANDARD_LIBRARIES = YES;
				BUNDLE_LOADER = "$(TEST_HOST)";
				DEVELOPMENT_TEAM = 54GVH89862;
				INFOPLIST_FILE = VoiceChangerTests/Info.plist;
				LD_RUNPATH_SEARCH_PATHS = "$(inherited) @executable_path/Frameworks @loader_path/Frameworks";
				PRODUCT_BUNDLE_IDENTIFIER = elkollaly.VoiceChangerTests;
				PRODUCT_NAME = "$(TARGET_NAME)";
				SWIFT_VERSION = 3.0;
				TEST_HOST = "$(BUILT_PRODUCTS_DIR)/VoiceChanger.app/VoiceChanger";
			};
			name = Debug;
		};
		F7C133311F5A7CC3001C3C55 /* Release */ = {
			isa = XCBuildConfiguration;
			buildSettings = {
				ALWAYS_EMBED_SWIFT_STANDARD_LIBRARIES = YES;
				BUNDLE_LOADER = "$(TEST_HOST)";
				DEVELOPMENT_TEAM = 54GVH89862;
				INFOPLIST_FILE = VoiceChangerTests/Info.plist;
				LD_RUNPATH_SEARCH_PATHS = "$(inherited) @executable_path/Frameworks @loader_path/Frameworks";
				PRODUCT_BUNDLE_IDENTIFIER = elkollaly.VoiceChangerTests;
				PRODUCT_NAME = "$(TARGET_NAME)";
				SWIFT_VERSION = 3.0;
				TEST_HOST = "$(BUILT_PRODUCTS_DIR)/VoiceChanger.app/VoiceChanger";
			};
			name = Release;
		};
		F7C133331F5A7CC3001C3C55 /* Debug */ = {
			isa = XCBuildConfiguration;
			buildSettings = {
				ALWAYS_EMBED_SWIFT_STANDARD_LIBRARIES = YES;
				DEVELOPMENT_TEAM = 54GVH89862;
				INFOPLIST_FILE = VoiceChangerUITests/Info.plist;
				LD_RUNPATH_SEARCH_PATHS = "$(inherited) @executable_path/Frameworks @loader_path/Frameworks";
				PRODUCT_BUNDLE_IDENTIFIER = elkollaly.VoiceChangerUITests;
				PRODUCT_NAME = "$(TARGET_NAME)";
				SWIFT_VERSION = 3.0;
				TEST_TARGET_NAME = VoiceChanger;
			};
			name = Debug;
		};
		F7C133341F5A7CC3001C3C55 /* Release */ = {
			isa = XCBuildConfiguration;
			buildSettings = {
				ALWAYS_EMBED_SWIFT_STANDARD_LIBRARIES = YES;
				DEVELOPMENT_TEAM = 54GVH89862;
				INFOPLIST_FILE = VoiceChangerUITests/Info.plist;
				LD_RUNPATH_SEARCH_PATHS = "$(inherited) @executable_path/Frameworks @loader_path/Frameworks";
				PRODUCT_BUNDLE_IDENTIFIER = elkollaly.VoiceChangerUITests;
				PRODUCT_NAME = "$(TARGET_NAME)";
				SWIFT_VERSION = 3.0;
				TEST_TARGET_NAME = VoiceChanger;
			};
			name = Release;
		};
/* End XCBuildConfiguration section */

/* Begin XCConfigurationList section */
		F7C132FF1F5A7CC2001C3C55 /* Build configuration list for PBXProject "VoiceChanger" */ = {
			isa = XCConfigurationList;
			buildConfigurations = (
				F7C1332A1F5A7CC3001C3C55 /* Debug */,
				F7C1332B1F5A7CC3001C3C55 /* Release */,
			);
			defaultConfigurationIsVisible = 0;
			defaultConfigurationName = Release;
		};
		F7C1332C1F5A7CC3001C3C55 /* Build configuration list for PBXNativeTarget "VoiceChanger" */ = {
			isa = XCConfigurationList;
			buildConfigurations = (
				F7C1332D1F5A7CC3001C3C55 /* Debug */,
				F7C1332E1F5A7CC3001C3C55 /* Release */,
			);
			defaultConfigurationIsVisible = 0;
			defaultConfigurationName = Release;
		};
		F7C1332F1F5A7CC3001C3C55 /* Build configuration list for PBXNativeTarget "VoiceChangerTests" */ = {
			isa = XCConfigurationList;
			buildConfigurations = (
				F7C133301F5A7CC3001C3C55 /* Debug */,
				F7C133311F5A7CC3001C3C55 /* Release */,
			);
			defaultConfigurationIsVisible = 0;
			defaultConfigurationName = Release;
		};
		F7C133321F5A7CC3001C3C55 /* Build configuration list for PBXNativeTarget "VoiceChangerUITests" */ = {
			isa = XCConfigurationList;
			buildConfigurations = (
				F7C133331F5A7CC3001C3C55 /* Debug */,
				F7C133341F5A7CC3001C3C55 /* Release */,
			);
			defaultConfigurationIsVisible = 0;
			defaultConfigurationName = Release;
		};
/* End XCConfigurationList section */
	};
	rootObject = F7C132FC1F5A7CC2001C3C55 /* Project object */;
}
